// !$*UTF8*$!
{
	archiveVersion = 1;
	classes = {
	};
	objectVersion = 46;
	objects = {

/* Begin PBXBuildFile section */
		981FB4D5170C916700F6756C /* UIKit.framework in Frameworks */ = {isa = PBXBuildFile; fileRef = 981FB4D4170C916700F6756C /* UIKit.framework */; };
		981FB4D7170C916700F6756C /* Foundation.framework in Frameworks */ = {isa = PBXBuildFile; fileRef = 981FB4D6170C916700F6756C /* Foundation.framework */; };
		981FB4D9170C916700F6756C /* CoreGraphics.framework in Frameworks */ = {isa = PBXBuildFile; fileRef = 981FB4D8170C916700F6756C /* CoreGraphics.framework */; };
		981FB4DF170C916700F6756C /* InfoPlist.strings in Resources */ = {isa = PBXBuildFile; fileRef = 981FB4DD170C916700F6756C /* InfoPlist.strings */; };
		981FB4E1170C916700F6756C /* main.m in Sources */ = {isa = PBXBuildFile; fileRef = 981FB4E0170C916700F6756C /* main.m */; };
		981FB4E5170C916700F6756C /* AppDelegate.m in Sources */ = {isa = PBXBuildFile; fileRef = 981FB4E4170C916700F6756C /* AppDelegate.m */; };
		981FB4E7170C916700F6756C /* Default.png in Resources */ = {isa = PBXBuildFile; fileRef = 981FB4E6170C916700F6756C /* Default.png */; };
		981FB4E9170C916700F6756C /* Default@2x.png in Resources */ = {isa = PBXBuildFile; fileRef = 981FB4E8170C916700F6756C /* Default@2x.png */; };
		981FB4EB170C916700F6756C /* Default-568h@2x.png in Resources */ = {isa = PBXBuildFile; fileRef = 981FB4EA170C916700F6756C /* Default-568h@2x.png */; };
		981FB4EE170C916700F6756C /* MainStoryboard.storyboard in Resources */ = {isa = PBXBuildFile; fileRef = 981FB4EC170C916700F6756C /* MainStoryboard.storyboard */; };
		981FB4F1170C916700F6756C /* FirstViewController.m in Sources */ = {isa = PBXBuildFile; fileRef = 981FB4F0170C916700F6756C /* FirstViewController.m */; };
		981FB4F3170C916700F6756C /* first.png in Resources */ = {isa = PBXBuildFile; fileRef = 981FB4F2170C916700F6756C /* first.png */; };
		981FB4F5170C916700F6756C /* first@2x.png in Resources */ = {isa = PBXBuildFile; fileRef = 981FB4F4170C916700F6756C /* first@2x.png */; };
		981FB4F8170C916700F6756C /* SecondViewController.m in Sources */ = {isa = PBXBuildFile; fileRef = 981FB4F7170C916700F6756C /* SecondViewController.m */; };
		981FB4FA170C916700F6756C /* second.png in Resources */ = {isa = PBXBuildFile; fileRef = 981FB4F9170C916700F6756C /* second.png */; };
		981FB4FC170C916700F6756C /* second@2x.png in Resources */ = {isa = PBXBuildFile; fileRef = 981FB4FB170C916700F6756C /* second@2x.png */; };
/* End PBXBuildFile section */

/* Begin PBXFileReference section */
		981FB4D1170C916700F6756C /* MyLocations.app */ = {isa = PBXFileReference; explicitFileType = wrapper.application; includeInIndex = 0; path = MyLocations.app; sourceTree = BUILT_PRODUCTS_DIR; };
		981FB4D4170C916700F6756C /* UIKit.framework */ = {isa = PBXFileReference; lastKnownFileType = wrapper.framework; name = UIKit.framework; path = System/Library/Frameworks/UIKit.framework; sourceTree = SDKROOT; };
		981FB4D6170C916700F6756C /* Foundation.framework */ = {isa = PBXFileReference; lastKnownFileType = wrapper.framework; name = Foundation.framework; path = System/Library/Frameworks/Foundation.framework; sourceTree = SDKROOT; };
		981FB4D8170C916700F6756C /* CoreGraphics.framework */ = {isa = PBXFileReference; lastKnownFileType = wrapper.framework; name = CoreGraphics.framework; path = System/Library/Frameworks/CoreGraphics.framework; sourceTree = SDKROOT; };
		981FB4DC170C916700F6756C /* MyLocations-Info.plist */ = {isa = PBXFileReference; lastKnownFileType = text.plist.xml; path = "MyLocations-Info.plist"; sourceTree = "<group>"; };
		981FB4DE170C916700F6756C /* en */ = {isa = PBXFileReference; lastKnownFileType = text.plist.strings; name = en; path = en.lproj/InfoPlist.strings; sourceTree = "<group>"; };
		981FB4E0170C916700F6756C /* main.m */ = {isa = PBXFileReference; lastKnownFileType = sourcecode.c.objc; path = main.m; sourceTree = "<group>"; };
		981FB4E2170C916700F6756C /* MyLocations-Prefix.pch */ = {isa = PBXFileReference; lastKnownFileType = sourcecode.c.h; path = "MyLocations-Prefix.pch"; sourceTree = "<group>"; };
		981FB4E3170C916700F6756C /* AppDelegate.h */ = {isa = PBXFileReference; lastKnownFileType = sourcecode.c.h; path = AppDelegate.h; sourceTree = "<group>"; };
		981FB4E4170C916700F6756C /* AppDelegate.m */ = {isa = PBXFileReference; lastKnownFileType = sourcecode.c.objc; path = AppDelegate.m; sourceTree = "<group>"; };
		981FB4E6170C916700F6756C /* Default.png */ = {isa = PBXFileReference; lastKnownFileType = image.png; path = Default.png; sourceTree = "<group>"; };
		981FB4E8170C916700F6756C /* Default@2x.png */ = {isa = PBXFileReference; lastKnownFileType = image.png; path = "Default@2x.png"; sourceTree = "<group>"; };
		981FB4EA170C916700F6756C /* Default-568h@2x.png */ = {isa = PBXFileReference; lastKnownFileType = image.png; path = "Default-568h@2x.png"; sourceTree = "<group>"; };
		981FB4ED170C916700F6756C /* en */ = {isa = PBXFileReference; lastKnownFileType = file.storyboard; name = en; path = en.lproj/MainStoryboard.storyboard; sourceTree = "<group>"; };
		981FB4EF170C916700F6756C /* FirstViewController.h */ = {isa = PBXFileReference; lastKnownFileType = sourcecode.c.h; path = FirstViewController.h; sourceTree = "<group>"; };
		981FB4F0170C916700F6756C /* FirstViewController.m */ = {isa = PBXFileReference; lastKnownFileType = sourcecode.c.objc; path = FirstViewController.m; sourceTree = "<group>"; };
		981FB4F2170C916700F6756C /* first.png */ = {isa = PBXFileReference; lastKnownFileType = image.png; path = first.png; sourceTree = "<group>"; };
		981FB4F4170C916700F6756C /* first@2x.png */ = {isa = PBXFileReference; lastKnownFileType = image.png; path = "first@2x.png"; sourceTree = "<group>"; };
		981FB4F6170C916700F6756C /* SecondViewController.h */ = {isa = PBXFileReference; lastKnownFileType = sourcecode.c.h; path = SecondViewController.h; sourceTree = "<group>"; };
		981FB4F7170C916700F6756C /* SecondViewController.m */ = {isa = PBXFileReference; lastKnownFileType = sourcecode.c.objc; path = SecondViewController.m; sourceTree = "<group>"; };
		981FB4F9170C916700F6756C /* second.png */ = {isa = PBXFileReference; lastKnownFileType = image.png; path = second.png; sourceTree = "<group>"; };
		981FB4FB170C916700F6756C /* second@2x.png */ = {isa = PBXFileReference; lastKnownFileType = image.png; path = "second@2x.png"; sourceTree = "<group>"; };
/* End PBXFileReference section */

/* Begin PBXFrameworksBuildPhase section */
		981FB4CE170C916700F6756C /* Frameworks */ = {
			isa = PBXFrameworksBuildPhase;
			buildActionMask = 2147483647;
			files = (
				981FB4D5170C916700F6756C /* UIKit.framework in Frameworks */,
				981FB4D7170C916700F6756C /* Foundation.framework in Frameworks */,
				981FB4D9170C916700F6756C /* CoreGraphics.framework in Frameworks */,
			);
			runOnlyForDeploymentPostprocessing = 0;
		};
/* End PBXFrameworksBuildPhase section */

/* Begin PBXGroup section */
		981FB4C8170C916700F6756C = {
			isa = PBXGroup;
			children = (
				981FB4DA170C916700F6756C /* MyLocations */,
				981FB4D3170C916700F6756C /* Frameworks */,
				981FB4D2170C916700F6756C /* Products */,
			);
			sourceTree = "<group>";
		};
		981FB4D2170C916700F6756C /* Products */ = {
			isa = PBXGroup;
			children = (
				981FB4D1170C916700F6756C /* MyLocations.app */,
			);
			name = Products;
			sourceTree = "<group>";
		};
		981FB4D3170C916700F6756C /* Frameworks */ = {
			isa = PBXGroup;
			children = (
				981FB4D4170C916700F6756C /* UIKit.framework */,
				981FB4D6170C916700F6756C /* Foundation.framework */,
				981FB4D8170C916700F6756C /* CoreGraphics.framework */,
			);
			name = Frameworks;
			sourceTree = "<group>";
		};
		981FB4DA170C916700F6756C /* MyLocations */ = {
			isa = PBXGroup;
			children = (
				981FB4E3170C916700F6756C /* AppDelegate.h */,
				981FB4E4170C916700F6756C /* AppDelegate.m */,
				981FB4EC170C916700F6756C /* MainStoryboard.storyboard */,
				981FB4EF170C916700F6756C /* FirstViewController.h */,
				981FB4F0170C916700F6756C /* FirstViewController.m */,
				981FB4F2170C916700F6756C /* first.png */,
				981FB4F4170C916700F6756C /* first@2x.png */,
				981FB4F6170C916700F6756C /* SecondViewController.h */,
				981FB4F7170C916700F6756C /* SecondViewController.m */,
				981FB4F9170C916700F6756C /* second.png */,
				981FB4FB170C916700F6756C /* second@2x.png */,
				981FB4DB170C916700F6756C /* Supporting Files */,
			);
			path = MyLocations;
			sourceTree = "<group>";
		};
		981FB4DB170C916700F6756C /* Supporting Files */ = {
			isa = PBXGroup;
			children = (
				981FB4DC170C916700F6756C /* MyLocations-Info.plist */,
				981FB4DD170C916700F6756C /* InfoPlist.strings */,
				981FB4E0170C916700F6756C /* main.m */,
				981FB4E2170C916700F6756C /* MyLocations-Prefix.pch */,
				981FB4E6170C916700F6756C /* Default.png */,
				981FB4E8170C916700F6756C /* Default@2x.png */,
				981FB4EA170C916700F6756C /* Default-568h@2x.png */,
			);
			name = "Supporting Files";
			sourceTree = "<group>";
		};
/* End PBXGroup section */

/* Begin PBXNativeTarget section */
		981FB4D0170C916700F6756C /* MyLocations */ = {
			isa = PBXNativeTarget;
			buildConfigurationList = 981FB4FF170C916700F6756C /* Build configuration list for PBXNativeTarget "MyLocations" */;
			buildPhases = (
				981FB4CD170C916700F6756C /* Sources */,
				981FB4CE170C916700F6756C /* Frameworks */,
				981FB4CF170C916700F6756C /* Resources */,
			);
			buildRules = (
			);
			dependencies = (
			);
			name = MyLocations;
			productName = MyLocations;
			productReference = 981FB4D1170C916700F6756C /* MyLocations.app */;
			productType = "com.apple.product-type.application";
		};
/* End PBXNativeTarget section */

/* Begin PBXProject section */
		981FB4C9170C916700F6756C /* Project object */ = {
			isa = PBXProject;
			attributes = {
				LastUpgradeCheck = 0460;
				ORGANIZATIONNAME = "Brandon Smith";
			};
			buildConfigurationList = 981FB4CC170C916700F6756C /* Build configuration list for PBXProject "MyLocations" */;
			compatibilityVersion = "Xcode 3.2";
			developmentRegion = English;
			hasScannedForEncodings = 0;
			knownRegions = (
				en,
			);
			mainGroup = 981FB4C8170C916700F6756C;
			productRefGroup = 981FB4D2170C916700F6756C /* Products */;
			projectDirPath = "";
			projectRoot = "";
			targets = (
				981FB4D0170C916700F6756C /* MyLocations */,
			);
		};
/* End PBXProject section */

/* Begin PBXResourcesBuildPhase section */
		981FB4CF170C916700F6756C /* Resources */ = {
			isa = PBXResourcesBuildPhase;
			buildActionMask = 2147483647;
			files = (
				981FB4DF170C916700F6756C /* InfoPlist.strings in Resources */,
				981FB4E7170C916700F6756C /* Default.png in Resources */,
				981FB4E9170C916700F6756C /* Default@2x.png in Resources */,
				981FB4EB170C916700F6756C /* Default-568h@2x.png in Resources */,
				981FB4EE170C916700F6756C /* MainStoryboard.storyboard in Resources */,
				981FB4F3170C916700F6756C /* first.png in Resources */,
				981FB4F5170C916700F6756C /* first@2x.png in Resources */,
				981FB4FA170C916700F6756C /* second.png in Resources */,
				981FB4FC170C916700F6756C /* second@2x.png in Resources */,
			);
			runOnlyForDeploymentPostprocessing = 0;
		};
/* End PBXResourcesBuildPhase section */

/* Begin PBXSourcesBuildPhase section */
		981FB4CD170C916700F6756C /* Sources */ = {
			isa = PBXSourcesBuildPhase;
			buildActionMask = 2147483647;
			files = (
				981FB4E1170C916700F6756C /* main.m in Sources */,
				981FB4E5170C916700F6756C /* AppDelegate.m in Sources */,
				981FB4F1170C916700F6756C /* FirstViewController.m in Sources */,
				981FB4F8170C916700F6756C /* SecondViewController.m in Sources */,
			);
			runOnlyForDeploymentPostprocessing = 0;
		};
/* End PBXSourcesBuildPhase section */

/* Begin PBXVariantGroup section */
		981FB4DD170C916700F6756C /* InfoPlist.strings */ = {
			isa = PBXVariantGroup;
			children = (
				981FB4DE170C916700F6756C /* en */,
			);
			name = InfoPlist.strings;
			sourceTree = "<group>";
		};
		981FB4EC170C916700F6756C /* MainStoryboard.storyboard */ = {
			isa = PBXVariantGroup;
			children = (
				981FB4ED170C916700F6756C /* en */,
			);
			name = MainStoryboard.storyboard;
			sourceTree = "<group>";
		};
/* End PBXVariantGroup section */

/* Begin XCBuildConfiguration section */
		981FB4FD170C916700F6756C /* Debug */ = {
			isa = XCBuildConfiguration;
			buildSettings = {
				ALWAYS_SEARCH_USER_PATHS = NO;
				CLANG_CXX_LANGUAGE_STANDARD = "gnu++0x";
				CLANG_CXX_LIBRARY = "libc++";
				CLANG_ENABLE_OBJC_ARC = YES;
				CLANG_WARN_CONSTANT_CONVERSION = YES;
				CLANG_WARN_EMPTY_BODY = YES;
				CLANG_WARN_ENUM_CONVERSION = YES;
				CLANG_WARN_INT_CONVERSION = YES;
				CLANG_WARN__DUPLICATE_METHOD_MATCH = YES;
				"CODE_SIGN_IDENTITY[sdk=iphoneos*]" = "iPhone Developer";
				COPY_PHASE_STRIP = NO;
				GCC_C_LANGUAGE_STANDARD = gnu99;
				GCC_DYNAMIC_NO_PIC = NO;
				GCC_OPTIMIZATION_LEVEL = 0;
				GCC_PREPROCESSOR_DEFINITIONS = (
					"DEBUG=1",
					"$(inherited)",
				);
				GCC_SYMBOLS_PRIVATE_EXTERN = NO;
				GCC_WARN_ABOUT_RETURN_TYPE = YES;
				GCC_WARN_UNINITIALIZED_AUTOS = YES;
				GCC_WARN_UNUSED_VARIABLE = YES;
				IPHONEOS_DEPLOYMENT_TARGET = 6.1;
				ONLY_ACTIVE_ARCH = YES;
				SDKROOT = iphoneos;
			};
			name = Debug;
		};
		981FB4FE170C916700F6756C /* Release */ = {
			isa = XCBuildConfiguration;
			buildSettings = {
				ALWAYS_SEARCH_USER_PATHS = NO;
				CLANG_CXX_LANGUAGE_STANDARD = "gnu++0x";
				CLANG_CXX_LIBRARY = "libc++";
				CLANG_ENABLE_OBJC_ARC = YES;
				CLANG_WARN_CONSTANT_CONVERSION = YES;
				CLANG_WARN_EMPTY_BODY = YES;
				CLANG_WARN_ENUM_CONVERSION = YES;
				CLANG_WARN_INT_CONVERSION = YES;
				CLANG_WARN__DUPLICATE_METHOD_MATCH = YES;
				"CODE_SIGN_IDENTITY[sdk=iphoneos*]" = "iPhone Developer";
				COPY_PHASE_STRIP = YES;
				GCC_C_LANGUAGE_STANDARD = gnu99;
				GCC_WARN_ABOUT_RETURN_TYPE = YES;
				GCC_WARN_UNINITIALIZED_AUTOS = YES;
				GCC_WARN_UNUSED_VARIABLE = YES;
				IPHONEOS_DEPLOYMENT_TARGET = 6.1;
				OTHER_CFLAGS = "-DNS_BLOCK_ASSERTIONS=1";
				SDKROOT = iphoneos;
				VALIDATE_PRODUCT = YES;
			};
			name = Release;
		};
		981FB500170C916700F6756C /* Debug */ = {
			isa = XCBuildConfiguration;
			buildSettings = {
				GCC_PRECOMPILE_PREFIX_HEADER = YES;
				GCC_PREFIX_HEADER = "MyLocations/MyLocations-Prefix.pch";
				INFOPLIST_FILE = "MyLocations/MyLocations-Info.plist";
				PRODUCT_NAME = "$(TARGET_NAME)";
				WRAPPER_EXTENSION = app;
			};
			name = Debug;
		};
		981FB501170C916700F6756C /* Release */ = {
			isa = XCBuildConfiguration;
			buildSettings = {
				GCC_PRECOMPILE_PREFIX_HEADER = YES;
				GCC_PREFIX_HEADER = "MyLocations/MyLocations-Prefix.pch";
				INFOPLIST_FILE = "MyLocations/MyLocations-Info.plist";
				PRODUCT_NAME = "$(TARGET_NAME)";
				WRAPPER_EXTENSION = app;
			};
			name = Release;
		};
/* End XCBuildConfiguration section */

/* Begin XCConfigurationList section */
		981FB4CC170C916700F6756C /* Build configuration list for PBXProject "MyLocations" */ = {
			isa = XCConfigurationList;
			buildConfigurations = (
				981FB4FD170C916700F6756C /* Debug */,
				981FB4FE170C916700F6756C /* Release */,
			);
			defaultConfigurationIsVisible = 0;
			defaultConfigurationName = Release;
		};
		981FB4FF170C916700F6756C /* Build configuration list for PBXNativeTarget "MyLocations" */ = {
			isa = XCConfigurationList;
			buildConfigurations = (
				981FB500170C916700F6756C /* Debug */,
				981FB501170C916700F6756C /* Release */,
			);
			defaultConfigurationIsVisible = 0;
		};
/* End XCConfigurationList section */
	};
	rootObject = 981FB4C9170C916700F6756C /* Project object */;
}
