// !$*UTF8*$!
{
	archiveVersion = 1;
	classes = {
	};
	objectVersion = 46;
	objects = {

/* Begin PBXBuildFile section */
		98CAA6A116F9011E002DC3A0 /* UIKit.framework in Frameworks */ = {isa = PBXBuildFile; fileRef = 98CAA6A016F9011E002DC3A0 /* UIKit.framework */; };
		98CAA6A316F9011E002DC3A0 /* Foundation.framework in Frameworks */ = {isa = PBXBuildFile; fileRef = 98CAA6A216F9011E002DC3A0 /* Foundation.framework */; };
		98CAA6A516F9011E002DC3A0 /* CoreGraphics.framework in Frameworks */ = {isa = PBXBuildFile; fileRef = 98CAA6A416F9011E002DC3A0 /* CoreGraphics.framework */; };
		98CAA6AB16F9011E002DC3A0 /* InfoPlist.strings in Resources */ = {isa = PBXBuildFile; fileRef = 98CAA6A916F9011E002DC3A0 /* InfoPlist.strings */; };
		98CAA6AD16F9011E002DC3A0 /* main.m in Sources */ = {isa = PBXBuildFile; fileRef = 98CAA6AC16F9011E002DC3A0 /* main.m */; };
		98CAA6B116F9011E002DC3A0 /* AppDelegate.m in Sources */ = {isa = PBXBuildFile; fileRef = 98CAA6B016F9011E002DC3A0 /* AppDelegate.m */; };
		98CAA6B316F9011F002DC3A0 /* Default.png in Resources */ = {isa = PBXBuildFile; fileRef = 98CAA6B216F9011F002DC3A0 /* Default.png */; };
		98CAA6B516F9011F002DC3A0 /* Default@2x.png in Resources */ = {isa = PBXBuildFile; fileRef = 98CAA6B416F9011F002DC3A0 /* Default@2x.png */; };
		98CAA6B716F9011F002DC3A0 /* Default-568h@2x.png in Resources */ = {isa = PBXBuildFile; fileRef = 98CAA6B616F9011F002DC3A0 /* Default-568h@2x.png */; };
		98CAA6BA16F9011F002DC3A0 /* MainStoryboard.storyboard in Resources */ = {isa = PBXBuildFile; fileRef = 98CAA6B816F9011F002DC3A0 /* MainStoryboard.storyboard */; };
		98CAA6BD16F9011F002DC3A0 /* ViewController.m in Sources */ = {isa = PBXBuildFile; fileRef = 98CAA6BC16F9011F002DC3A0 /* ViewController.m */; };
/* End PBXBuildFile section */

/* Begin PBXFileReference section */
		98CAA69D16F9011E002DC3A0 /* Events.app */ = {isa = PBXFileReference; explicitFileType = wrapper.application; includeInIndex = 0; path = Events.app; sourceTree = BUILT_PRODUCTS_DIR; };
		98CAA6A016F9011E002DC3A0 /* UIKit.framework */ = {isa = PBXFileReference; lastKnownFileType = wrapper.framework; name = UIKit.framework; path = System/Library/Frameworks/UIKit.framework; sourceTree = SDKROOT; };
		98CAA6A216F9011E002DC3A0 /* Foundation.framework */ = {isa = PBXFileReference; lastKnownFileType = wrapper.framework; name = Foundation.framework; path = System/Library/Frameworks/Foundation.framework; sourceTree = SDKROOT; };
		98CAA6A416F9011E002DC3A0 /* CoreGraphics.framework */ = {isa = PBXFileReference; lastKnownFileType = wrapper.framework; name = CoreGraphics.framework; path = System/Library/Frameworks/CoreGraphics.framework; sourceTree = SDKROOT; };
		98CAA6A816F9011E002DC3A0 /* Events-Info.plist */ = {isa = PBXFileReference; lastKnownFileType = text.plist.xml; path = "Events-Info.plist"; sourceTree = "<group>"; };
		98CAA6AA16F9011E002DC3A0 /* en */ = {isa = PBXFileReference; lastKnownFileType = text.plist.strings; name = en; path = en.lproj/InfoPlist.strings; sourceTree = "<group>"; };
		98CAA6AC16F9011E002DC3A0 /* main.m */ = {isa = PBXFileReference; lastKnownFileType = sourcecode.c.objc; path = main.m; sourceTree = "<group>"; };
		98CAA6AE16F9011E002DC3A0 /* Events-Prefix.pch */ = {isa = PBXFileReference; lastKnownFileType = sourcecode.c.h; path = "Events-Prefix.pch"; sourceTree = "<group>"; };
		98CAA6AF16F9011E002DC3A0 /* AppDelegate.h */ = {isa = PBXFileReference; lastKnownFileType = sourcecode.c.h; path = AppDelegate.h; sourceTree = "<group>"; };
		98CAA6B016F9011E002DC3A0 /* AppDelegate.m */ = {isa = PBXFileReference; lastKnownFileType = sourcecode.c.objc; path = AppDelegate.m; sourceTree = "<group>"; };
		98CAA6B216F9011F002DC3A0 /* Default.png */ = {isa = PBXFileReference; lastKnownFileType = image.png; path = Default.png; sourceTree = "<group>"; };
		98CAA6B416F9011F002DC3A0 /* Default@2x.png */ = {isa = PBXFileReference; lastKnownFileType = image.png; path = "Default@2x.png"; sourceTree = "<group>"; };
		98CAA6B616F9011F002DC3A0 /* Default-568h@2x.png */ = {isa = PBXFileReference; lastKnownFileType = image.png; path = "Default-568h@2x.png"; sourceTree = "<group>"; };
		98CAA6B916F9011F002DC3A0 /* en */ = {isa = PBXFileReference; lastKnownFileType = file.storyboard; name = en; path = en.lproj/MainStoryboard.storyboard; sourceTree = "<group>"; };
		98CAA6BB16F9011F002DC3A0 /* ViewController.h */ = {isa = PBXFileReference; lastKnownFileType = sourcecode.c.h; path = ViewController.h; sourceTree = "<group>"; };
		98CAA6BC16F9011F002DC3A0 /* ViewController.m */ = {isa = PBXFileReference; lastKnownFileType = sourcecode.c.objc; path = ViewController.m; sourceTree = "<group>"; };
/* End PBXFileReference section */

/* Begin PBXFrameworksBuildPhase section */
		98CAA69A16F9011E002DC3A0 /* Frameworks */ = {
			isa = PBXFrameworksBuildPhase;
			buildActionMask = 2147483647;
			files = (
				98CAA6A116F9011E002DC3A0 /* UIKit.framework in Frameworks */,
				98CAA6A316F9011E002DC3A0 /* Foundation.framework in Frameworks */,
				98CAA6A516F9011E002DC3A0 /* CoreGraphics.framework in Frameworks */,
			);
			runOnlyForDeploymentPostprocessing = 0;
		};
/* End PBXFrameworksBuildPhase section */

/* Begin PBXGroup section */
		98CAA69416F9011E002DC3A0 = {
			isa = PBXGroup;
			children = (
				98CAA6A616F9011E002DC3A0 /* Events */,
				98CAA69F16F9011E002DC3A0 /* Frameworks */,
				98CAA69E16F9011E002DC3A0 /* Products */,
			);
			sourceTree = "<group>";
		};
		98CAA69E16F9011E002DC3A0 /* Products */ = {
			isa = PBXGroup;
			children = (
				98CAA69D16F9011E002DC3A0 /* Events.app */,
			);
			name = Products;
			sourceTree = "<group>";
		};
		98CAA69F16F9011E002DC3A0 /* Frameworks */ = {
			isa = PBXGroup;
			children = (
				98CAA6A016F9011E002DC3A0 /* UIKit.framework */,
				98CAA6A216F9011E002DC3A0 /* Foundation.framework */,
				98CAA6A416F9011E002DC3A0 /* CoreGraphics.framework */,
			);
			name = Frameworks;
			sourceTree = "<group>";
		};
		98CAA6A616F9011E002DC3A0 /* Events */ = {
			isa = PBXGroup;
			children = (
				98CAA6AF16F9011E002DC3A0 /* AppDelegate.h */,
				98CAA6B016F9011E002DC3A0 /* AppDelegate.m */,
				98CAA6B816F9011F002DC3A0 /* MainStoryboard.storyboard */,
				98CAA6BB16F9011F002DC3A0 /* ViewController.h */,
				98CAA6BC16F9011F002DC3A0 /* ViewController.m */,
				98CAA6A716F9011E002DC3A0 /* Supporting Files */,
			);
			path = Events;
			sourceTree = "<group>";
		};
		98CAA6A716F9011E002DC3A0 /* Supporting Files */ = {
			isa = PBXGroup;
			children = (
				98CAA6A816F9011E002DC3A0 /* Events-Info.plist */,
				98CAA6A916F9011E002DC3A0 /* InfoPlist.strings */,
				98CAA6AC16F9011E002DC3A0 /* main.m */,
				98CAA6AE16F9011E002DC3A0 /* Events-Prefix.pch */,
				98CAA6B216F9011F002DC3A0 /* Default.png */,
				98CAA6B416F9011F002DC3A0 /* Default@2x.png */,
				98CAA6B616F9011F002DC3A0 /* Default-568h@2x.png */,
			);
			name = "Supporting Files";
			sourceTree = "<group>";
		};
/* End PBXGroup section */

/* Begin PBXNativeTarget section */
		98CAA69C16F9011E002DC3A0 /* Events */ = {
			isa = PBXNativeTarget;
			buildConfigurationList = 98CAA6C016F9011F002DC3A0 /* Build configuration list for PBXNativeTarget "Events" */;
			buildPhases = (
				98CAA69916F9011E002DC3A0 /* Sources */,
				98CAA69A16F9011E002DC3A0 /* Frameworks */,
				98CAA69B16F9011E002DC3A0 /* Resources */,
			);
			buildRules = (
			);
			dependencies = (
			);
			name = Events;
			productName = Events;
			productReference = 98CAA69D16F9011E002DC3A0 /* Events.app */;
			productType = "com.apple.product-type.application";
		};
/* End PBXNativeTarget section */

/* Begin PBXProject section */
		98CAA69516F9011E002DC3A0 /* Project object */ = {
			isa = PBXProject;
			attributes = {
				LastUpgradeCheck = 0460;
				ORGANIZATIONNAME = "Brandon Smith";
			};
			buildConfigurationList = 98CAA69816F9011E002DC3A0 /* Build configuration list for PBXProject "Events" */;
			compatibilityVersion = "Xcode 3.2";
			developmentRegion = English;
			hasScannedForEncodings = 0;
			knownRegions = (
				en,
			);
			mainGroup = 98CAA69416F9011E002DC3A0;
			productRefGroup = 98CAA69E16F9011E002DC3A0 /* Products */;
			projectDirPath = "";
			projectRoot = "";
			targets = (
				98CAA69C16F9011E002DC3A0 /* Events */,
			);
		};
/* End PBXProject section */

/* Begin PBXResourcesBuildPhase section */
		98CAA69B16F9011E002DC3A0 /* Resources */ = {
			isa = PBXResourcesBuildPhase;
			buildActionMask = 2147483647;
			files = (
				98CAA6AB16F9011E002DC3A0 /* InfoPlist.strings in Resources */,
				98CAA6B316F9011F002DC3A0 /* Default.png in Resources */,
				98CAA6B516F9011F002DC3A0 /* Default@2x.png in Resources */,
				98CAA6B716F9011F002DC3A0 /* Default-568h@2x.png in Resources */,
				98CAA6BA16F9011F002DC3A0 /* MainStoryboard.storyboard in Resources */,
			);
			runOnlyForDeploymentPostprocessing = 0;
		};
/* End PBXResourcesBuildPhase section */

/* Begin PBXSourcesBuildPhase section */
		98CAA69916F9011E002DC3A0 /* Sources */ = {
			isa = PBXSourcesBuildPhase;
			buildActionMask = 2147483647;
			files = (
				98CAA6AD16F9011E002DC3A0 /* main.m in Sources */,
				98CAA6B116F9011E002DC3A0 /* AppDelegate.m in Sources */,
				98CAA6BD16F9011F002DC3A0 /* ViewController.m in Sources */,
			);
			runOnlyForDeploymentPostprocessing = 0;
		};
/* End PBXSourcesBuildPhase section */

/* Begin PBXVariantGroup section */
		98CAA6A916F9011E002DC3A0 /* InfoPlist.strings */ = {
			isa = PBXVariantGroup;
			children = (
				98CAA6AA16F9011E002DC3A0 /* en */,
			);
			name = InfoPlist.strings;
			sourceTree = "<group>";
		};
		98CAA6B816F9011F002DC3A0 /* MainStoryboard.storyboard */ = {
			isa = PBXVariantGroup;
			children = (
				98CAA6B916F9011F002DC3A0 /* en */,
			);
			name = MainStoryboard.storyboard;
			sourceTree = "<group>";
		};
/* End PBXVariantGroup section */

/* Begin XCBuildConfiguration section */
		98CAA6BE16F9011F002DC3A0 /* Debug */ = {
			isa = XCBuildConfiguration;
			buildSettings = {
				ALWAYS_SEARCH_USER_PATHS = NO;
				CLANG_CXX_LANGUAGE_STANDARD = "gnu++0x";
				CLANG_CXX_LIBRARY = "libc++";
				CLANG_ENABLE_OBJC_ARC = YES;
				CLANG_WARN_CONSTANT_CONVERSION = YES;
				CLANG_WARN_EMPTY_BODY = YES;
				CLANG_WARN_ENUM_CONVERSION = YES;
				CLANG_WARN_INT_CONVERSION = YES;
				CLANG_WARN__DUPLICATE_METHOD_MATCH = YES;
				"CODE_SIGN_IDENTITY[sdk=iphoneos*]" = "iPhone Developer";
				COPY_PHASE_STRIP = NO;
				GCC_C_LANGUAGE_STANDARD = gnu99;
				GCC_DYNAMIC_NO_PIC = NO;
				GCC_OPTIMIZATION_LEVEL = 0;
				GCC_PREPROCESSOR_DEFINITIONS = (
					"DEBUG=1",
					"$(inherited)",
				);
				GCC_SYMBOLS_PRIVATE_EXTERN = NO;
				GCC_WARN_ABOUT_RETURN_TYPE = YES;
				GCC_WARN_UNINITIALIZED_AUTOS = YES;
				GCC_WARN_UNUSED_VARIABLE = YES;
				IPHONEOS_DEPLOYMENT_TARGET = 6.1;
				ONLY_ACTIVE_ARCH = YES;
				SDKROOT = iphoneos;
			};
			name = Debug;
		};
		98CAA6BF16F9011F002DC3A0 /* Release */ = {
			isa = XCBuildConfiguration;
			buildSettings = {
				ALWAYS_SEARCH_USER_PATHS = NO;
				CLANG_CXX_LANGUAGE_STANDARD = "gnu++0x";
				CLANG_CXX_LIBRARY = "libc++";
				CLANG_ENABLE_OBJC_ARC = YES;
				CLANG_WARN_CONSTANT_CONVERSION = YES;
				CLANG_WARN_EMPTY_BODY = YES;
				CLANG_WARN_ENUM_CONVERSION = YES;
				CLANG_WARN_INT_CONVERSION = YES;
				CLANG_WARN__DUPLICATE_METHOD_MATCH = YES;
				"CODE_SIGN_IDENTITY[sdk=iphoneos*]" = "iPhone Developer";
				COPY_PHASE_STRIP = YES;
				GCC_C_LANGUAGE_STANDARD = gnu99;
				GCC_WARN_ABOUT_RETURN_TYPE = YES;
				GCC_WARN_UNINITIALIZED_AUTOS = YES;
				GCC_WARN_UNUSED_VARIABLE = YES;
				IPHONEOS_DEPLOYMENT_TARGET = 6.1;
				OTHER_CFLAGS = "-DNS_BLOCK_ASSERTIONS=1";
				SDKROOT = iphoneos;
				VALIDATE_PRODUCT = YES;
			};
			name = Release;
		};
		98CAA6C116F9011F002DC3A0 /* Debug */ = {
			isa = XCBuildConfiguration;
			buildSettings = {
				GCC_PRECOMPILE_PREFIX_HEADER = YES;
				GCC_PREFIX_HEADER = "Events/Events-Prefix.pch";
				INFOPLIST_FILE = "Events/Events-Info.plist";
				PRODUCT_NAME = "$(TARGET_NAME)";
				WRAPPER_EXTENSION = app;
			};
			name = Debug;
		};
		98CAA6C216F9011F002DC3A0 /* Release */ = {
			isa = XCBuildConfiguration;
			buildSettings = {
				GCC_PRECOMPILE_PREFIX_HEADER = YES;
				GCC_PREFIX_HEADER = "Events/Events-Prefix.pch";
				INFOPLIST_FILE = "Events/Events-Info.plist";
				PRODUCT_NAME = "$(TARGET_NAME)";
				WRAPPER_EXTENSION = app;
			};
			name = Release;
		};
/* End XCBuildConfiguration section */

/* Begin XCConfigurationList section */
		98CAA69816F9011E002DC3A0 /* Build configuration list for PBXProject "Events" */ = {
			isa = XCConfigurationList;
			buildConfigurations = (
				98CAA6BE16F9011F002DC3A0 /* Debug */,
				98CAA6BF16F9011F002DC3A0 /* Release */,
			);
			defaultConfigurationIsVisible = 0;
			defaultConfigurationName = Release;
		};
		98CAA6C016F9011F002DC3A0 /* Build configuration list for PBXNativeTarget "Events" */ = {
			isa = XCConfigurationList;
			buildConfigurations = (
				98CAA6C116F9011F002DC3A0 /* Debug */,
				98CAA6C216F9011F002DC3A0 /* Release */,
			);
			defaultConfigurationIsVisible = 0;
		};
/* End XCConfigurationList section */
	};
	rootObject = 98CAA69516F9011E002DC3A0 /* Project object */;
}
